// !$*UTF8*$!
{
	archiveVersion = 1;
	classes = {
	};
	objectVersion = 56;
	objects = {

/* Begin PBXBuildFile section */
		74640CF92A3AD55D00CAE4FB /* YoutubeVideoSummariserApp.swift in Sources */ = {isa = PBXBuildFile; fileRef = 74640CF82A3AD55D00CAE4FB /* YoutubeVideoSummariserApp.swift */; };
		74640CFB2A3AD55D00CAE4FB /* ContentView.swift in Sources */ = {isa = PBXBuildFile; fileRef = 74640CFA2A3AD55D00CAE4FB /* ContentView.swift */; };
		74640CFD2A3AD55E00CAE4FB /* Assets.xcassets in Resources */ = {isa = PBXBuildFile; fileRef = 74640CFC2A3AD55E00CAE4FB /* Assets.xcassets */; };
		74640D002A3AD55E00CAE4FB /* Preview Assets.xcassets in Resources */ = {isa = PBXBuildFile; fileRef = 74640CFF2A3AD55E00CAE4FB /* Preview Assets.xcassets */; };
		74640D0D2A3AE56C00CAE4FB /* YoutTubeSummmariser.swift in Sources */ = {isa = PBXBuildFile; fileRef = 74640D0C2A3AE56B00CAE4FB /* YoutTubeSummmariser.swift */; };
		74640D102A3AEC3E00CAE4FB /* OpenAI in Frameworks */ = {isa = PBXBuildFile; productRef = 74640D0F2A3AEC3E00CAE4FB /* OpenAI */; };
		74640D132A3AECB000CAE4FB /* Alamofire in Frameworks */ = {isa = PBXBuildFile; productRef = 74640D122A3AECB000CAE4FB /* Alamofire */; };
/* End PBXBuildFile section */

/* Begin PBXFileReference section */
		74640CF52A3AD55D00CAE4FB /* YoutubeVideoSummariser.app */ = {isa = PBXFileReference; explicitFileType = wrapper.application; includeInIndex = 0; path = YoutubeVideoSummariser.app; sourceTree = BUILT_PRODUCTS_DIR; };
		74640CF82A3AD55D00CAE4FB /* YoutubeVideoSummariserApp.swift */ = {isa = PBXFileReference; lastKnownFileType = sourcecode.swift; path = YoutubeVideoSummariserApp.swift; sourceTree = "<group>"; };
		74640CFA2A3AD55D00CAE4FB /* ContentView.swift */ = {isa = PBXFileReference; lastKnownFileType = sourcecode.swift; path = ContentView.swift; sourceTree = "<group>"; };
		74640CFC2A3AD55E00CAE4FB /* Assets.xcassets */ = {isa = PBXFileReference; lastKnownFileType = folder.assetcatalog; path = Assets.xcassets; sourceTree = "<group>"; };
		74640CFF2A3AD55E00CAE4FB /* Preview Assets.xcassets */ = {isa = PBXFileReference; lastKnownFileType = folder.assetcatalog; path = "Preview Assets.xcassets"; sourceTree = "<group>"; };
		74640D0B2A3ADB4000CAE4FB /* Info.plist */ = {isa = PBXFileReference; lastKnownFileType = text.plist; path = Info.plist; sourceTree = "<group>"; };
		74640D0C2A3AE56B00CAE4FB /* YoutTubeSummmariser.swift */ = {isa = PBXFileReference; lastKnownFileType = sourcecode.swift; path = YoutTubeSummmariser.swift; sourceTree = "<group>"; };
/* End PBXFileReference section */

/* Begin PBXFrameworksBuildPhase section */
		74640CF22A3AD55D00CAE4FB /* Frameworks */ = {
			isa = PBXFrameworksBuildPhase;
			buildActionMask = 2147483647;
			files = (
				74640D132A3AECB000CAE4FB /* Alamofire in Frameworks */,
				74640D102A3AEC3E00CAE4FB /* OpenAI in Frameworks */,
			);
			runOnlyForDeploymentPostprocessing = 0;
		};
/* End PBXFrameworksBuildPhase section */

/* Begin PBXGroup section */
		74640CEC2A3AD55D00CAE4FB = {
			isa = PBXGroup;
			children = (
				74640CF72A3AD55D00CAE4FB /* YoutubeVideoSummariser */,
				74640CF62A3AD55D00CAE4FB /* Products */,
			);
			sourceTree = "<group>";
		};
		74640CF62A3AD55D00CAE4FB /* Products */ = {
			isa = PBXGroup;
			children = (
				74640CF52A3AD55D00CAE4FB /* YoutubeVideoSummariser.app */,
			);
			name = Products;
			sourceTree = "<group>";
		};
		74640CF72A3AD55D00CAE4FB /* YoutubeVideoSummariser */ = {
			isa = PBXGroup;
			children = (
				74640D0B2A3ADB4000CAE4FB /* Info.plist */,
				74640CF82A3AD55D00CAE4FB /* YoutubeVideoSummariserApp.swift */,
				74640CFA2A3AD55D00CAE4FB /* ContentView.swift */,
				74640D0C2A3AE56B00CAE4FB /* YoutTubeSummmariser.swift */,
				74640CFC2A3AD55E00CAE4FB /* Assets.xcassets */,
				74640CFE2A3AD55E00CAE4FB /* Preview Content */,
			);
			path = YoutubeVideoSummariser;
			sourceTree = "<group>";
		};
		74640CFE2A3AD55E00CAE4FB /* Preview Content */ = {
			isa = PBXGroup;
			children = (
				74640CFF2A3AD55E00CAE4FB /* Preview Assets.xcassets */,
			);
			path = "Preview Content";
			sourceTree = "<group>";
		};
/* End PBXGroup section */

/* Begin PBXNativeTarget section */
		74640CF42A3AD55D00CAE4FB /* YoutubeVideoSummariser */ = {
			isa = PBXNativeTarget;
			buildConfigurationList = 74640D032A3AD55E00CAE4FB /* Build configuration list for PBXNativeTarget "YoutubeVideoSummariser" */;
			buildPhases = (
				74640CF12A3AD55D00CAE4FB /* Sources */,
				74640CF22A3AD55D00CAE4FB /* Frameworks */,
				74640CF32A3AD55D00CAE4FB /* Resources */,
			);
			buildRules = (
			);
			dependencies = (
			);
			name = YoutubeVideoSummariser;
			packageProductDependencies = (
				74640D0F2A3AEC3E00CAE4FB /* OpenAI */,
				74640D122A3AECB000CAE4FB /* Alamofire */,
			);
			productName = YoutubeVideoSummariser;
			productReference = 74640CF52A3AD55D00CAE4FB /* YoutubeVideoSummariser.app */;
			productType = "com.apple.product-type.application";
		};
/* End PBXNativeTarget section */

/* Begin PBXProject section */
		74640CED2A3AD55D00CAE4FB /* Project object */ = {
			isa = PBXProject;
			attributes = {
				BuildIndependentTargetsInParallel = 1;
				LastSwiftUpdateCheck = 1500;
				LastUpgradeCheck = 1500;
				TargetAttributes = {
					74640CF42A3AD55D00CAE4FB = {
						CreatedOnToolsVersion = 15.0;
					};
				};
			};
			buildConfigurationList = 74640CF02A3AD55D00CAE4FB /* Build configuration list for PBXProject "YoutubeVideoSummariser" */;
			compatibilityVersion = "Xcode 14.0";
			developmentRegion = en;
			hasScannedForEncodings = 0;
			knownRegions = (
				en,
				Base,
			);
			mainGroup = 74640CEC2A3AD55D00CAE4FB;
			packageReferences = (
				74640D0E2A3AEC3E00CAE4FB /* XCRemoteSwiftPackageReference "OpenAI" */,
				74640D112A3AECB000CAE4FB /* XCRemoteSwiftPackageReference "Alamofire" */,
			);
			productRefGroup = 74640CF62A3AD55D00CAE4FB /* Products */;
			projectDirPath = "";
			projectRoot = "";
			targets = (
				74640CF42A3AD55D00CAE4FB /* YoutubeVideoSummariser */,
			);
		};
/* End PBXProject section */

/* Begin PBXResourcesBuildPhase section */
		74640CF32A3AD55D00CAE4FB /* Resources */ = {
			isa = PBXResourcesBuildPhase;
			buildActionMask = 2147483647;
			files = (
				74640D002A3AD55E00CAE4FB /* Preview Assets.xcassets in Resources */,
				74640CFD2A3AD55E00CAE4FB /* Assets.xcassets in Resources */,
			);
			runOnlyForDeploymentPostprocessing = 0;
		};
/* End PBXResourcesBuildPhase section */

/* Begin PBXSourcesBuildPhase section */
		74640CF12A3AD55D00CAE4FB /* Sources */ = {
			isa = PBXSourcesBuildPhase;
			buildActionMask = 2147483647;
			files = (
				74640D0D2A3AE56C00CAE4FB /* YoutTubeSummmariser.swift in Sources */,
				74640CFB2A3AD55D00CAE4FB /* ContentView.swift in Sources */,
				74640CF92A3AD55D00CAE4FB /* YoutubeVideoSummariserApp.swift in Sources */,
			);
			runOnlyForDeploymentPostprocessing = 0;
		};
/* End PBXSourcesBuildPhase section */

/* Begin XCBuildConfiguration section */
		74640D012A3AD55E00CAE4FB /* Debug */ = {
			isa = XCBuildConfiguration;
			buildSettings = {
				ALWAYS_SEARCH_USER_PATHS = NO;
				ASSETCATALOG_COMPILER_GENERATE_SWIFT_ASSET_SYMBOL_EXTENSIONS = YES;
				CLANG_ANALYZER_NONNULL = YES;
				CLANG_ANALYZER_NUMBER_OBJECT_CONVERSION = YES_AGGRESSIVE;
				CLANG_CXX_LANGUAGE_STANDARD = "gnu++20";
				CLANG_ENABLE_MODULES = YES;
				CLANG_ENABLE_OBJC_ARC = YES;
				CLANG_ENABLE_OBJC_WEAK = YES;
				CLANG_WARN_BLOCK_CAPTURE_AUTORELEASING = YES;
				CLANG_WARN_BOOL_CONVERSION = YES;
				CLANG_WARN_COMMA = YES;
				CLANG_WARN_CONSTANT_CONVERSION = YES;
				CLANG_WARN_DEPRECATED_OBJC_IMPLEMENTATIONS = YES;
				CLANG_WARN_DIRECT_OBJC_ISA_USAGE = YES_ERROR;
				CLANG_WARN_DOCUMENTATION_COMMENTS = YES;
				CLANG_WARN_EMPTY_BODY = YES;
				CLANG_WARN_ENUM_CONVERSION = YES;
				CLANG_WARN_INFINITE_RECURSION = YES;
				CLANG_WARN_INT_CONVERSION = YES;
				CLANG_WARN_NON_LITERAL_NULL_CONVERSION = YES;
				CLANG_WARN_OBJC_IMPLICIT_RETAIN_SELF = YES;
				CLANG_WARN_OBJC_LITERAL_CONVERSION = YES;
				CLANG_WARN_OBJC_ROOT_CLASS = YES_ERROR;
				CLANG_WARN_QUOTED_INCLUDE_IN_FRAMEWORK_HEADER = YES;
				CLANG_WARN_RANGE_LOOP_ANALYSIS = YES;
				CLANG_WARN_STRICT_PROTOTYPES = YES;
				CLANG_WARN_SUSPICIOUS_MOVE = YES;
				CLANG_WARN_UNGUARDED_AVAILABILITY = YES_AGGRESSIVE;
				CLANG_WARN_UNREACHABLE_CODE = YES;
				CLANG_WARN__DUPLICATE_METHOD_MATCH = YES;
				COPY_PHASE_STRIP = NO;
				DEBUG_INFORMATION_FORMAT = dwarf;
				ENABLE_STRICT_OBJC_MSGSEND = YES;
				ENABLE_TESTABILITY = YES;
				ENABLE_USER_SCRIPT_SANDBOXING = YES;
				GCC_C_LANGUAGE_STANDARD = gnu17;
				GCC_DYNAMIC_NO_PIC = NO;
				GCC_NO_COMMON_BLOCKS = YES;
				GCC_OPTIMIZATION_LEVEL = 0;
				GCC_PREPROCESSOR_DEFINITIONS = (
					"DEBUG=1",
					"$(inherited)",
				);
				GCC_WARN_64_TO_32_BIT_CONVERSION = YES;
				GCC_WARN_ABOUT_RETURN_TYPE = YES_ERROR;
				GCC_WARN_UNDECLARED_SELECTOR = YES;
				GCC_WARN_UNINITIALIZED_AUTOS = YES_AGGRESSIVE;
				GCC_WARN_UNUSED_FUNCTION = YES;
				GCC_WARN_UNUSED_VARIABLE = YES;
				IPHONEOS_DEPLOYMENT_TARGET = 17.0;
				LOCALIZATION_PREFERS_STRING_CATALOGS = YES;
				MTL_ENABLE_DEBUG_INFO = INCLUDE_SOURCE;
				MTL_FAST_MATH = YES;
				ONLY_ACTIVE_ARCH = YES;
				SDKROOT = iphoneos;
				SWIFT_ACTIVE_COMPILATION_CONDITIONS = "DEBUG $(inherited)";
				SWIFT_OPTIMIZATION_LEVEL = "-Onone";
			};
			name = Debug;
		};
		74640D022A3AD55E00CAE4FB /* Release */ = {
			isa = XCBuildConfiguration;
			buildSettings = {
				ALWAYS_SEARCH_USER_PATHS = NO;
				ASSETCATALOG_COMPILER_GENERATE_SWIFT_ASSET_SYMBOL_EXTENSIONS = YES;
				CLANG_ANALYZER_NONNULL = YES;
				CLANG_ANALYZER_NUMBER_OBJECT_CONVERSION = YES_AGGRESSIVE;
				CLANG_CXX_LANGUAGE_STANDARD = "gnu++20";
				CLANG_ENABLE_MODULES = YES;
				CLANG_ENABLE_OBJC_ARC = YES;
				CLANG_ENABLE_OBJC_WEAK = YES;
				CLANG_WARN_BLOCK_CAPTURE_AUTORELEASING = YES;
				CLANG_WARN_BOOL_CONVERSION = YES;
				CLANG_WARN_COMMA = YES;
				CLANG_WARN_CONSTANT_CONVERSION = YES;
				CLANG_WARN_DEPRECATED_OBJC_IMPLEMENTATIONS = YES;
				CLANG_WARN_DIRECT_OBJC_ISA_USAGE = YES_ERROR;
				CLANG_WARN_DOCUMENTATION_COMMENTS = YES;
				CLANG_WARN_EMPTY_BODY = YES;
				CLANG_WARN_ENUM_CONVERSION = YES;
				CLANG_WARN_INFINITE_RECURSION = YES;
				CLANG_WARN_INT_CONVERSION = YES;
				CLANG_WARN_NON_LITERAL_NULL_CONVERSION = YES;
				CLANG_WARN_OBJC_IMPLICIT_RETAIN_SELF = YES;
				CLANG_WARN_OBJC_LITERAL_CONVERSION = YES;
				CLANG_WARN_OBJC_ROOT_CLASS = YES_ERROR;
				CLANG_WARN_QUOTED_INCLUDE_IN_FRAMEWORK_HEADER = YES;
				CLANG_WARN_RANGE_LOOP_ANALYSIS = YES;
				CLANG_WARN_STRICT_PROTOTYPES = YES;
				CLANG_WARN_SUSPICIOUS_MOVE = YES;
				CLANG_WARN_UNGUARDED_AVAILABILITY = YES_AGGRESSIVE;
				CLANG_WARN_UNREACHABLE_CODE = YES;
				CLANG_WARN__DUPLICATE_METHOD_MATCH = YES;
				COPY_PHASE_STRIP = NO;
				DEBUG_INFORMATION_FORMAT = "dwarf-with-dsym";
				ENABLE_NS_ASSERTIONS = NO;
				ENABLE_STRICT_OBJC_MSGSEND = YES;
				ENABLE_USER_SCRIPT_SANDBOXING = YES;
				GCC_C_LANGUAGE_STANDARD = gnu17;
				GCC_NO_COMMON_BLOCKS = YES;
				GCC_WARN_64_TO_32_BIT_CONVERSION = YES;
				GCC_WARN_ABOUT_RETURN_TYPE = YES_ERROR;
				GCC_WARN_UNDECLARED_SELECTOR = YES;
				GCC_WARN_UNINITIALIZED_AUTOS = YES_AGGRESSIVE;
				GCC_WARN_UNUSED_FUNCTION = YES;
				GCC_WARN_UNUSED_VARIABLE = YES;
				IPHONEOS_DEPLOYMENT_TARGET = 17.0;
				LOCALIZATION_PREFERS_STRING_CATALOGS = YES;
				MTL_ENABLE_DEBUG_INFO = NO;
				MTL_FAST_MATH = YES;
				SDKROOT = iphoneos;
				SWIFT_COMPILATION_MODE = wholemodule;
				VALIDATE_PRODUCT = YES;
			};
			name = Release;
		};
		74640D042A3AD55E00CAE4FB /* Debug */ = {
			isa = XCBuildConfiguration;
			buildSettings = {
				ASSETCATALOG_COMPILER_APPICON_NAME = AppIcon;
				ASSETCATALOG_COMPILER_GLOBAL_ACCENT_COLOR_NAME = AccentColor;
				CODE_SIGN_STYLE = Automatic;
				CURRENT_PROJECT_VERSION = 1;
				DEVELOPMENT_ASSET_PATHS = "\"YoutubeVideoSummariser/Preview Content\"";
				ENABLE_PREVIEWS = YES;
				GENERATE_INFOPLIST_FILE = YES;
				INFOPLIST_FILE = YoutubeVideoSummariser/Info.plist;
				INFOPLIST_KEY_UIApplicationSceneManifest_Generation = YES;
				INFOPLIST_KEY_UIApplicationSupportsIndirectInputEvents = YES;
				INFOPLIST_KEY_UILaunchScreen_Generation = YES;
				INFOPLIST_KEY_UISupportedInterfaceOrientations_iPad = "UIInterfaceOrientationPortrait UIInterfaceOrientationPortraitUpsideDown UIInterfaceOrientationLandscapeLeft UIInterfaceOrientationLandscapeRight";
				INFOPLIST_KEY_UISupportedInterfaceOrientations_iPhone = "UIInterfaceOrientationPortrait UIInterfaceOrientationLandscapeLeft UIInterfaceOrientationLandscapeRight";
				IPHONEOS_DEPLOYMENT_TARGET = 16.0;
				LD_RUNPATH_SEARCH_PATHS = (
					"$(inherited)",
					"@executable_path/Frameworks",
				);
				MARKETING_VERSION = 1.0;
				PRODUCT_BUNDLE_IDENTIFIER = com.mazenkourouche.YoutubeVideoSummariser;
				PRODUCT_NAME = "$(TARGET_NAME)";
				SWIFT_EMIT_LOC_STRINGS = YES;
				SWIFT_VERSION = 5.0;
				TARGETED_DEVICE_FAMILY = "1,2";
			};
			name = Debug;
		};
		74640D052A3AD55E00CAE4FB /* Release */ = {
			isa = XCBuildConfiguration;
			buildSettings = {
				ASSETCATALOG_COMPILER_APPICON_NAME = AppIcon;
				ASSETCATALOG_COMPILER_GLOBAL_ACCENT_COLOR_NAME = AccentColor;
				CODE_SIGN_STYLE = Automatic;
				CURRENT_PROJECT_VERSION = 1;
				DEVELOPMENT_ASSET_PATHS = "\"YoutubeVideoSummariser/Preview Content\"";
				ENABLE_PREVIEWS = YES;
				GENERATE_INFOPLIST_FILE = YES;
				INFOPLIST_FILE = YoutubeVideoSummariser/Info.plist;
				INFOPLIST_KEY_UIApplicationSceneManifest_Generation = YES;
				INFOPLIST_KEY_UIApplicationSupportsIndirectInputEvents = YES;
				INFOPLIST_KEY_UILaunchScreen_Generation = YES;
				INFOPLIST_KEY_UISupportedInterfaceOrientations_iPad = "UIInterfaceOrientationPortrait UIInterfaceOrientationPortraitUpsideDown UIInterfaceOrientationLandscapeLeft UIInterfaceOrientationLandscapeRight";
				INFOPLIST_KEY_UISupportedInterfaceOrientations_iPhone = "UIInterfaceOrientationPortrait UIInterfaceOrientationLandscapeLeft UIInterfaceOrientationLandscapeRight";
				IPHONEOS_DEPLOYMENT_TARGET = 16.0;
				LD_RUNPATH_SEARCH_PATHS = (
					"$(inherited)",
					"@executable_path/Frameworks",
				);
				MARKETING_VERSION = 1.0;
				PRODUCT_BUNDLE_IDENTIFIER = com.mazenkourouche.YoutubeVideoSummariser;
				PRODUCT_NAME = "$(TARGET_NAME)";
				SWIFT_EMIT_LOC_STRINGS = YES;
				SWIFT_VERSION = 5.0;
				TARGETED_DEVICE_FAMILY = "1,2";
			};
			name = Release;
		};
/* End XCBuildConfiguration section */

/* Begin XCConfigurationList section */
		74640CF02A3AD55D00CAE4FB /* Build configuration list for PBXProject "YoutubeVideoSummariser" */ = {
			isa = XCConfigurationList;
			buildConfigurations = (
				74640D012A3AD55E00CAE4FB /* Debug */,
				74640D022A3AD55E00CAE4FB /* Release */,
			);
			defaultConfigurationIsVisible = 0;
			defaultConfigurationName = Release;
		};
		74640D032A3AD55E00CAE4FB /* Build configuration list for PBXNativeTarget "YoutubeVideoSummariser" */ = {
			isa = XCConfigurationList;
			buildConfigurations = (
				74640D042A3AD55E00CAE4FB /* Debug */,
				74640D052A3AD55E00CAE4FB /* Release */,
			);
			defaultConfigurationIsVisible = 0;
			defaultConfigurationName = Release;
		};
/* End XCConfigurationList section */

/* Begin XCRemoteSwiftPackageReference section */
		74640D0E2A3AEC3E00CAE4FB /* XCRemoteSwiftPackageReference "OpenAI" */ = {
			isa = XCRemoteSwiftPackageReference;
			repositoryURL = "https://github.com/MacPaw/OpenAI.git";
			requirement = {
				kind = upToNextMajorVersion;
				minimumVersion = 0.2.1;
			};
		};
		74640D112A3AECB000CAE4FB /* XCRemoteSwiftPackageReference "Alamofire" */ = {
			isa = XCRemoteSwiftPackageReference;
			repositoryURL = "https://github.com/Alamofire/Alamofire.git";
			requirement = {
				kind = upToNextMajorVersion;
				minimumVersion = 5.7.1;
			};
		};
/* End XCRemoteSwiftPackageReference section */

/* Begin XCSwiftPackageProductDependency section */
		74640D0F2A3AEC3E00CAE4FB /* OpenAI */ = {
			isa = XCSwiftPackageProductDependency;
			package = 74640D0E2A3AEC3E00CAE4FB /* XCRemoteSwiftPackageReference "OpenAI" */;
			productName = OpenAI;
		};
		74640D122A3AECB000CAE4FB /* Alamofire */ = {
			isa = XCSwiftPackageProductDependency;
			package = 74640D112A3AECB000CAE4FB /* XCRemoteSwiftPackageReference "Alamofire" */;
			productName = Alamofire;
		};
/* End XCSwiftPackageProductDependency section */
	};
	rootObject = 74640CED2A3AD55D00CAE4FB /* Project object */;
}
